
Microsoft Visual Studio Solution File, Format Version 12.00
# Visual Studio 2012
Project("{FAE04EC0-301F-11D3-BF4B-00C04F79EFBC}") = "UltimateTasksManager", "UltimateTasksManager\UltimateTasksManager.csproj", "{DF09CDC4-7D8B-4BF8-9752-3671CE988B0F}"
EndProject
Global
	GlobalSection(SolutionConfigurationPlatforms) = preSolution
		Debug|iPhoneSimulator = Debug|iPhoneSimulator
		Release|iPhoneSimulator = Release|iPhoneSimulator
		Debug|iPhone = Debug|iPhone
		Release|iPhone = Release|iPhone
		Ad-Hoc|iPhone = Ad-Hoc|iPhone
		AppStore|iPhone = AppStore|iPhone
	EndGlobalSection
	GlobalSection(ProjectConfigurationPlatforms) = postSolution
		{DF09CDC4-7D8B-4BF8-9752-3671CE988B0F}.Ad-Hoc|iPhone.ActiveCfg = Ad-Hoc|iPhone
		{DF09CDC4-7D8B-4BF8-9752-3671CE988B0F}.Ad-Hoc|iPhone.Build.0 = Ad-Hoc|iPhone
		{DF09CDC4-7D8B-4BF8-9752-3671CE988B0F}.AppStore|iPhone.ActiveCfg = AppStore|iPhone
		{DF09CDC4-7D8B-4BF8-9752-3671CE988B0F}.AppStore|iPhone.Build.0 = AppStore|iPhone
		{DF09CDC4-7D8B-4BF8-9752-3671CE988B0F}.Debug|iPhone.ActiveCfg = Debug|iPhone
		{DF09CDC4-7D8B-4BF8-9752-3671CE988B0F}.Debug|iPhone.Build.0 = Debug|iPhone
		{DF09CDC4-7D8B-4BF8-9752-3671CE988B0F}.Debug|iPhoneSimulator.ActiveCfg = Debug|iPhoneSimulator
		{DF09CDC4-7D8B-4BF8-9752-3671CE988B0F}.Debug|iPhoneSimulator.Build.0 = Debug|iPhoneSimulator
		{DF09CDC4-7D8B-4BF8-9752-3671CE988B0F}.Release|iPhone.ActiveCfg = Release|iPhone
		{DF09CDC4-7D8B-4BF8-9752-3671CE988B0F}.Release|iPhone.Build.0 = Release|iPhone
		{DF09CDC4-7D8B-4BF8-9752-3671CE988B0F}.Release|iPhoneSimulator.ActiveCfg = Release|iPhoneSimulator
		{DF09CDC4-7D8B-4BF8-9752-3671CE988B0F}.Release|iPhoneSimulator.Build.0 = Release|iPhoneSimulator
	EndGlobalSection
EndGlobal
